
Microsoft Visual Studio Solution File, Format Version 11.00
# Visual Studio 2010
Project("{FAE04EC0-301F-11D3-BF4B-00C04F79EFBC}") = "onboard", "onboard\onboard.csproj", "{5C17DAD9-7FB0-4A91-BF00-0D259CC62023}"
EndProject
Global
	GlobalSection(SolutionConfigurationPlatforms) = preSolution
		Debug|Any CPU = Debug|Any CPU
		Debug|Mixed Platforms = Debug|Mixed Platforms
		Debug|Win32 = Debug|Win32
		Release|Any CPU = Release|Any CPU
		Release|Mixed Platforms = Release|Mixed Platforms
		Release|Win32 = Release|Win32
	EndGlobalSection
	GlobalSection(ProjectConfigurationPlatforms) = postSolution
		{5C17DAD9-7FB0-4A91-BF00-0D259CC62023}.Debug|Any CPU.ActiveCfg = Debug|Any CPU
		{5C17DAD9-7FB0-4A91-BF00-0D259CC62023}.Debug|Any CPU.Build.0 = Debug|Any CPU
		{5C17DAD9-7FB0-4A91-BF00-0D259CC62023}.Debug|Any CPU.Deploy.0 = Debug|Any CPU
		{5C17DAD9-7FB0-4A91-BF00-0D259CC62023}.Debug|Mixed Platforms.ActiveCfg = Debug|Any CPU
		{5C17DAD9-7FB0-4A91-BF00-0D259CC62023}.Debug|Mixed Platforms.Build.0 = Debug|Any CPU
		{5C17DAD9-7FB0-4A91-BF00-0D259CC62023}.Debug|Mixed Platforms.Deploy.0 = Debug|Any CPU
		{5C17DAD9-7FB0-4A91-BF00-0D259CC62023}.Debug|Win32.ActiveCfg = Debug|Any CPU
		{5C17DAD9-7FB0-4A91-BF00-0D259CC62023}.Release|Any CPU.ActiveCfg = Release|Any CPU
		{5C17DAD9-7FB0-4A91-BF00-0D259CC62023}.Release|Any CPU.Build.0 = Release|Any CPU
		{5C17DAD9-7FB0-4A91-BF00-0D259CC62023}.Release|Any CPU.Deploy.0 = Release|Any CPU
		{5C17DAD9-7FB0-4A91-BF00-0D259CC62023}.Release|Mixed Platforms.ActiveCfg = Release|Any CPU
		{5C17DAD9-7FB0-4A91-BF00-0D259CC62023}.Release|Mixed Platforms.Build.0 = Release|Any CPU
		{5C17DAD9-7FB0-4A91-BF00-0D259CC62023}.Release|Mixed Platforms.Deploy.0 = Release|Any CPU
		{5C17DAD9-7FB0-4A91-BF00-0D259CC62023}.Release|Win32.ActiveCfg = Release|Any CPU
	EndGlobalSection
	GlobalSection(SolutionProperties) = preSolution
		HideSolutionNode = FALSE
	EndGlobalSection
EndGlobal
